// !$*UTF8*$!
{
	archiveVersion = 1;
	classes = {
	};
	objectVersion = 56;
	objects = {

/* Begin PBXBuildFile section */
		52F2DFD028DF7D7400E56118 /* CodingChallengeApp.swift in Sources */ = {isa = PBXBuildFile; fileRef = 52F2DFCF28DF7D7400E56118 /* CodingChallengeApp.swift */; };
		52F2DFD428DF7D7500E56118 /* Assets.xcassets in Resources */ = {isa = PBXBuildFile; fileRef = 52F2DFD328DF7D7500E56118 /* Assets.xcassets */; };
		52F2DFD828DF7D7500E56118 /* Preview Assets.xcassets in Resources */ = {isa = PBXBuildFile; fileRef = 52F2DFD728DF7D7500E56118 /* Preview Assets.xcassets */; };
		52F2DFE128DF8C1200E56118 /* ProductsListView.swift in Sources */ = {isa = PBXBuildFile; fileRef = 52F2DFE028DF8C1200E56118 /* ProductsListView.swift */; };
		52F2DFE428DF8C2B00E56118 /* ProductsListViewModel.swift in Sources */ = {isa = PBXBuildFile; fileRef = 52F2DFE328DF8C2B00E56118 /* ProductsListViewModel.swift */; };
		52F2DFE628DF8C9600E56118 /* Networking.swift in Sources */ = {isa = PBXBuildFile; fileRef = 52F2DFE528DF8C9600E56118 /* Networking.swift */; };
		52F2DFE828DF8F9D00E56118 /* DownloadManager.swift in Sources */ = {isa = PBXBuildFile; fileRef = 52F2DFE728DF8F9D00E56118 /* DownloadManager.swift */; };
		52F2DFEC28DF904B00E56118 /* Model.swift in Sources */ = {isa = PBXBuildFile; fileRef = 52F2DFEB28DF904B00E56118 /* Model.swift */; };
		52F2DFEE28DF95B900E56118 /* ImageView.swift in Sources */ = {isa = PBXBuildFile; fileRef = 52F2DFED28DF95B900E56118 /* ImageView.swift */; };
		52F2DFF028DFA1B200E56118 /* ItemView.swift in Sources */ = {isa = PBXBuildFile; fileRef = 52F2DFEF28DFA1B200E56118 /* ItemView.swift */; };
		52F9100428E039E000470959 /* ImageChache.swift in Sources */ = {isa = PBXBuildFile; fileRef = 52F9100328E039E000470959 /* ImageChache.swift */; };
		52F9100828E05A9400470959 /* StarsView.swift in Sources */ = {isa = PBXBuildFile; fileRef = 52F9100728E05A9400470959 /* StarsView.swift */; };
/* End PBXBuildFile section */

/* Begin PBXFileReference section */
		52F2DFCC28DF7D7400E56118 /* CodingChallenge.app */ = {isa = PBXFileReference; explicitFileType = wrapper.application; includeInIndex = 0; path = CodingChallenge.app; sourceTree = BUILT_PRODUCTS_DIR; };
		52F2DFCF28DF7D7400E56118 /* CodingChallengeApp.swift */ = {isa = PBXFileReference; lastKnownFileType = sourcecode.swift; path = CodingChallengeApp.swift; sourceTree = "<group>"; };
		52F2DFD328DF7D7500E56118 /* Assets.xcassets */ = {isa = PBXFileReference; lastKnownFileType = folder.assetcatalog; path = Assets.xcassets; sourceTree = "<group>"; };
		52F2DFD528DF7D7500E56118 /* CodingChallenge.entitlements */ = {isa = PBXFileReference; lastKnownFileType = text.plist.entitlements; path = CodingChallenge.entitlements; sourceTree = "<group>"; };
		52F2DFD728DF7D7500E56118 /* Preview Assets.xcassets */ = {isa = PBXFileReference; lastKnownFileType = folder.assetcatalog; path = "Preview Assets.xcassets"; sourceTree = "<group>"; };
		52F2DFE028DF8C1200E56118 /* ProductsListView.swift */ = {isa = PBXFileReference; lastKnownFileType = sourcecode.swift; path = ProductsListView.swift; sourceTree = "<group>"; };
		52F2DFE328DF8C2B00E56118 /* ProductsListViewModel.swift */ = {isa = PBXFileReference; lastKnownFileType = sourcecode.swift; path = ProductsListViewModel.swift; sourceTree = "<group>"; };
		52F2DFE528DF8C9600E56118 /* Networking.swift */ = {isa = PBXFileReference; lastKnownFileType = sourcecode.swift; path = Networking.swift; sourceTree = "<group>"; };
		52F2DFE728DF8F9D00E56118 /* DownloadManager.swift */ = {isa = PBXFileReference; lastKnownFileType = sourcecode.swift; path = DownloadManager.swift; sourceTree = "<group>"; };
		52F2DFEB28DF904B00E56118 /* Model.swift */ = {isa = PBXFileReference; lastKnownFileType = sourcecode.swift; path = Model.swift; sourceTree = "<group>"; };
		52F2DFED28DF95B900E56118 /* ImageView.swift */ = {isa = PBXFileReference; lastKnownFileType = sourcecode.swift; path = ImageView.swift; sourceTree = "<group>"; };
		52F2DFEF28DFA1B200E56118 /* ItemView.swift */ = {isa = PBXFileReference; lastKnownFileType = sourcecode.swift; path = ItemView.swift; sourceTree = "<group>"; };
		52F9100328E039E000470959 /* ImageChache.swift */ = {isa = PBXFileReference; lastKnownFileType = sourcecode.swift; path = ImageChache.swift; sourceTree = "<group>"; };
		52F9100728E05A9400470959 /* StarsView.swift */ = {isa = PBXFileReference; lastKnownFileType = sourcecode.swift; path = StarsView.swift; sourceTree = "<group>"; };
/* End PBXFileReference section */

/* Begin PBXFrameworksBuildPhase section */
		52F2DFC928DF7D7400E56118 /* Frameworks */ = {
			isa = PBXFrameworksBuildPhase;
			buildActionMask = 2147483647;
			files = (
			);
			runOnlyForDeploymentPostprocessing = 0;
		};
/* End PBXFrameworksBuildPhase section */

/* Begin PBXGroup section */
		52F2DFC328DF7D7400E56118 = {
			isa = PBXGroup;
			children = (
				52F2DFCE28DF7D7400E56118 /* CodingChallenge */,
				52F2DFCD28DF7D7400E56118 /* Products */,
			);
			sourceTree = "<group>";
		};
		52F2DFCD28DF7D7400E56118 /* Products */ = {
			isa = PBXGroup;
			children = (
				52F2DFCC28DF7D7400E56118 /* CodingChallenge.app */,
			);
			name = Products;
			sourceTree = "<group>";
		};
		52F2DFCE28DF7D7400E56118 /* CodingChallenge */ = {
			isa = PBXGroup;
			children = (
				52F2DFCF28DF7D7400E56118 /* CodingChallengeApp.swift */,
				52F2DFDE28DF8BC400E56118 /* Screens */,
				52F2DFDF28DF8BD400E56118 /* Services */,
				52F2DFE928DF903900E56118 /* Model */,
				52F2DFD328DF7D7500E56118 /* Assets.xcassets */,
				52F2DFD528DF7D7500E56118 /* CodingChallenge.entitlements */,
				52F2DFD628DF7D7500E56118 /* Preview Content */,
			);
			path = CodingChallenge;
			sourceTree = "<group>";
		};
		52F2DFD628DF7D7500E56118 /* Preview Content */ = {
			isa = PBXGroup;
			children = (
				52F2DFD728DF7D7500E56118 /* Preview Assets.xcassets */,
			);
			path = "Preview Content";
			sourceTree = "<group>";
		};
		52F2DFDE28DF8BC400E56118 /* Screens */ = {
			isa = PBXGroup;
			children = (
				52F2DFE228DF8C1800E56118 /* ProductsList */,
			);
			path = Screens;
			sourceTree = "<group>";
		};
		52F2DFDF28DF8BD400E56118 /* Services */ = {
			isa = PBXGroup;
			children = (
				52F2DFE528DF8C9600E56118 /* Networking.swift */,
				52F2DFE728DF8F9D00E56118 /* DownloadManager.swift */,
				52F9100328E039E000470959 /* ImageChache.swift */,
			);
			path = Services;
			sourceTree = "<group>";
		};
		52F2DFE228DF8C1800E56118 /* ProductsList */ = {
			isa = PBXGroup;
			children = (
				52F2DFE028DF8C1200E56118 /* ProductsListView.swift */,
				52F2DFE328DF8C2B00E56118 /* ProductsListViewModel.swift */,
				52F2DFEF28DFA1B200E56118 /* ItemView.swift */,
				52F2DFED28DF95B900E56118 /* ImageView.swift */,
				52F9100728E05A9400470959 /* StarsView.swift */,
			);
			path = ProductsList;
			sourceTree = "<group>";
		};
		52F2DFE928DF903900E56118 /* Model */ = {
			isa = PBXGroup;
			children = (
				52F2DFEB28DF904B00E56118 /* Model.swift */,
			);
			path = Model;
			sourceTree = "<group>";
		};
/* End PBXGroup section */

/* Begin PBXNativeTarget section */
		52F2DFCB28DF7D7400E56118 /* CodingChallenge */ = {
			isa = PBXNativeTarget;
			buildConfigurationList = 52F2DFDB28DF7D7500E56118 /* Build configuration list for PBXNativeTarget "CodingChallenge" */;
			buildPhases = (
				52F2DFC828DF7D7400E56118 /* Sources */,
				52F2DFC928DF7D7400E56118 /* Frameworks */,
				52F2DFCA28DF7D7400E56118 /* Resources */,
			);
			buildRules = (
			);
			dependencies = (
			);
			name = CodingChallenge;
			productName = CodingChallenge;
			productReference = 52F2DFCC28DF7D7400E56118 /* CodingChallenge.app */;
			productType = "com.apple.product-type.application";
		};
/* End PBXNativeTarget section */

/* Begin PBXProject section */
		52F2DFC428DF7D7400E56118 /* Project object */ = {
			isa = PBXProject;
			attributes = {
				BuildIndependentTargetsInParallel = 1;
				LastSwiftUpdateCheck = 1400;
				LastUpgradeCheck = 1400;
				TargetAttributes = {
					52F2DFCB28DF7D7400E56118 = {
						CreatedOnToolsVersion = 14.0;
					};
				};
			};
			buildConfigurationList = 52F2DFC728DF7D7400E56118 /* Build configuration list for PBXProject "CodingChallenge" */;
			compatibilityVersion = "Xcode 14.0";
			developmentRegion = en;
			hasScannedForEncodings = 0;
			knownRegions = (
				en,
				Base,
			);
			mainGroup = 52F2DFC328DF7D7400E56118;
			productRefGroup = 52F2DFCD28DF7D7400E56118 /* Products */;
			projectDirPath = "";
			projectRoot = "";
			targets = (
				52F2DFCB28DF7D7400E56118 /* CodingChallenge */,
			);
		};
/* End PBXProject section */

/* Begin PBXResourcesBuildPhase section */
		52F2DFCA28DF7D7400E56118 /* Resources */ = {
			isa = PBXResourcesBuildPhase;
			buildActionMask = 2147483647;
			files = (
				52F2DFD828DF7D7500E56118 /* Preview Assets.xcassets in Resources */,
				52F2DFD428DF7D7500E56118 /* Assets.xcassets in Resources */,
			);
			runOnlyForDeploymentPostprocessing = 0;
		};
/* End PBXResourcesBuildPhase section */

/* Begin PBXSourcesBuildPhase section */
		52F2DFC828DF7D7400E56118 /* Sources */ = {
			isa = PBXSourcesBuildPhase;
			buildActionMask = 2147483647;
			files = (
				52F9100828E05A9400470959 /* StarsView.swift in Sources */,
				52F2DFE128DF8C1200E56118 /* ProductsListView.swift in Sources */,
				52F2DFE828DF8F9D00E56118 /* DownloadManager.swift in Sources */,
				52F2DFD028DF7D7400E56118 /* CodingChallengeApp.swift in Sources */,
				52F2DFF028DFA1B200E56118 /* ItemView.swift in Sources */,
				52F2DFEC28DF904B00E56118 /* Model.swift in Sources */,
				52F2DFE428DF8C2B00E56118 /* ProductsListViewModel.swift in Sources */,
				52F9100428E039E000470959 /* ImageChache.swift in Sources */,
				52F2DFEE28DF95B900E56118 /* ImageView.swift in Sources */,
				52F2DFE628DF8C9600E56118 /* Networking.swift in Sources */,
			);
			runOnlyForDeploymentPostprocessing = 0;
		};
/* End PBXSourcesBuildPhase section */

/* Begin XCBuildConfiguration section */
		52F2DFD928DF7D7500E56118 /* Debug */ = {
			isa = XCBuildConfiguration;
			buildSettings = {
				ALWAYS_SEARCH_USER_PATHS = NO;
				CLANG_ANALYZER_NONNULL = YES;
				CLANG_ANALYZER_NUMBER_OBJECT_CONVERSION = YES_AGGRESSIVE;
				CLANG_CXX_LANGUAGE_STANDARD = "gnu++20";
				CLANG_ENABLE_MODULES = YES;
				CLANG_ENABLE_OBJC_ARC = YES;
				CLANG_ENABLE_OBJC_WEAK = YES;
				CLANG_WARN_BLOCK_CAPTURE_AUTORELEASING = YES;
				CLANG_WARN_BOOL_CONVERSION = YES;
				CLANG_WARN_COMMA = YES;
				CLANG_WARN_CONSTANT_CONVERSION = YES;
				CLANG_WARN_DEPRECATED_OBJC_IMPLEMENTATIONS = YES;
				CLANG_WARN_DIRECT_OBJC_ISA_USAGE = YES_ERROR;
				CLANG_WARN_DOCUMENTATION_COMMENTS = YES;
				CLANG_WARN_EMPTY_BODY = YES;
				CLANG_WARN_ENUM_CONVERSION = YES;
				CLANG_WARN_INFINITE_RECURSION = YES;
				CLANG_WARN_INT_CONVERSION = YES;
				CLANG_WARN_NON_LITERAL_NULL_CONVERSION = YES;
				CLANG_WARN_OBJC_IMPLICIT_RETAIN_SELF = YES;
				CLANG_WARN_OBJC_LITERAL_CONVERSION = YES;
				CLANG_WARN_OBJC_ROOT_CLASS = YES_ERROR;
				CLANG_WARN_QUOTED_INCLUDE_IN_FRAMEWORK_HEADER = YES;
				CLANG_WARN_RANGE_LOOP_ANALYSIS = YES;
				CLANG_WARN_STRICT_PROTOTYPES = YES;
				CLANG_WARN_SUSPICIOUS_MOVE = YES;
				CLANG_WARN_UNGUARDED_AVAILABILITY = YES_AGGRESSIVE;
				CLANG_WARN_UNREACHABLE_CODE = YES;
				CLANG_WARN__DUPLICATE_METHOD_MATCH = YES;
				COPY_PHASE_STRIP = NO;
				DEBUG_INFORMATION_FORMAT = dwarf;
				ENABLE_STRICT_OBJC_MSGSEND = YES;
				ENABLE_TESTABILITY = YES;
				GCC_C_LANGUAGE_STANDARD = gnu11;
				GCC_DYNAMIC_NO_PIC = NO;
				GCC_NO_COMMON_BLOCKS = YES;
				GCC_OPTIMIZATION_LEVEL = 0;
				GCC_PREPROCESSOR_DEFINITIONS = (
					"DEBUG=1",
					"$(inherited)",
				);
				GCC_WARN_64_TO_32_BIT_CONVERSION = YES;
				GCC_WARN_ABOUT_RETURN_TYPE = YES_ERROR;
				GCC_WARN_UNDECLARED_SELECTOR = YES;
				GCC_WARN_UNINITIALIZED_AUTOS = YES_AGGRESSIVE;
				GCC_WARN_UNUSED_FUNCTION = YES;
				GCC_WARN_UNUSED_VARIABLE = YES;
				MTL_ENABLE_DEBUG_INFO = INCLUDE_SOURCE;
				MTL_FAST_MATH = YES;
				ONLY_ACTIVE_ARCH = YES;
				SWIFT_ACTIVE_COMPILATION_CONDITIONS = DEBUG;
				SWIFT_OPTIMIZATION_LEVEL = "-Onone";
			};
			name = Debug;
		};
		52F2DFDA28DF7D7500E56118 /* Release */ = {
			isa = XCBuildConfiguration;
			buildSettings = {
				ALWAYS_SEARCH_USER_PATHS = NO;
				CLANG_ANALYZER_NONNULL = YES;
				CLANG_ANALYZER_NUMBER_OBJECT_CONVERSION = YES_AGGRESSIVE;
				CLANG_CXX_LANGUAGE_STANDARD = "gnu++20";
				CLANG_ENABLE_MODULES = YES;
				CLANG_ENABLE_OBJC_ARC = YES;
				CLANG_ENABLE_OBJC_WEAK = YES;
				CLANG_WARN_BLOCK_CAPTURE_AUTORELEASING = YES;
				CLANG_WARN_BOOL_CONVERSION = YES;
				CLANG_WARN_COMMA = YES;
				CLANG_WARN_CONSTANT_CONVERSION = YES;
				CLANG_WARN_DEPRECATED_OBJC_IMPLEMENTATIONS = YES;
				CLANG_WARN_DIRECT_OBJC_ISA_USAGE = YES_ERROR;
				CLANG_WARN_DOCUMENTATION_COMMENTS = YES;
				CLANG_WARN_EMPTY_BODY = YES;
				CLANG_WARN_ENUM_CONVERSION = YES;
				CLANG_WARN_INFINITE_RECURSION = YES;
				CLANG_WARN_INT_CONVERSION = YES;
				CLANG_WARN_NON_LITERAL_NULL_CONVERSION = YES;
				CLANG_WARN_OBJC_IMPLICIT_RETAIN_SELF = YES;
				CLANG_WARN_OBJC_LITERAL_CONVERSION = YES;
				CLANG_WARN_OBJC_ROOT_CLASS = YES_ERROR;
				CLANG_WARN_QUOTED_INCLUDE_IN_FRAMEWORK_HEADER = YES;
				CLANG_WARN_RANGE_LOOP_ANALYSIS = YES;
				CLANG_WARN_STRICT_PROTOTYPES = YES;
				CLANG_WARN_SUSPICIOUS_MOVE = YES;
				CLANG_WARN_UNGUARDED_AVAILABILITY = YES_AGGRESSIVE;
				CLANG_WARN_UNREACHABLE_CODE = YES;
				CLANG_WARN__DUPLICATE_METHOD_MATCH = YES;
				COPY_PHASE_STRIP = NO;
				DEBUG_INFORMATION_FORMAT = "dwarf-with-dsym";
				ENABLE_NS_ASSERTIONS = NO;
				ENABLE_STRICT_OBJC_MSGSEND = YES;
				GCC_C_LANGUAGE_STANDARD = gnu11;
				GCC_NO_COMMON_BLOCKS = YES;
				GCC_WARN_64_TO_32_BIT_CONVERSION = YES;
				GCC_WARN_ABOUT_RETURN_TYPE = YES_ERROR;
				GCC_WARN_UNDECLARED_SELECTOR = YES;
				GCC_WARN_UNINITIALIZED_AUTOS = YES_AGGRESSIVE;
				GCC_WARN_UNUSED_FUNCTION = YES;
				GCC_WARN_UNUSED_VARIABLE = YES;
				MTL_ENABLE_DEBUG_INFO = NO;
				MTL_FAST_MATH = YES;
				SWIFT_COMPILATION_MODE = wholemodule;
				SWIFT_OPTIMIZATION_LEVEL = "-O";
			};
			name = Release;
		};
		52F2DFDC28DF7D7500E56118 /* Debug */ = {
			isa = XCBuildConfiguration;
			buildSettings = {
				ASSETCATALOG_COMPILER_APPICON_NAME = AppIcon;
				ASSETCATALOG_COMPILER_GLOBAL_ACCENT_COLOR_NAME = AccentColor;
				CODE_SIGN_ENTITLEMENTS = CodingChallenge/CodingChallenge.entitlements;
				CODE_SIGN_STYLE = Automatic;
				CURRENT_PROJECT_VERSION = 1;
				DEVELOPMENT_ASSET_PATHS = "\"CodingChallenge/Preview Content\"";
				DEVELOPMENT_TEAM = 6RM7SKRY5Z;
				ENABLE_HARDENED_RUNTIME = YES;
				ENABLE_PREVIEWS = YES;
				GENERATE_INFOPLIST_FILE = YES;
				"INFOPLIST_KEY_UIApplicationSceneManifest_Generation[sdk=iphoneos*]" = YES;
				"INFOPLIST_KEY_UIApplicationSceneManifest_Generation[sdk=iphonesimulator*]" = YES;
				"INFOPLIST_KEY_UIApplicationSupportsIndirectInputEvents[sdk=iphoneos*]" = YES;
				"INFOPLIST_KEY_UIApplicationSupportsIndirectInputEvents[sdk=iphonesimulator*]" = YES;
				"INFOPLIST_KEY_UILaunchScreen_Generation[sdk=iphoneos*]" = YES;
				"INFOPLIST_KEY_UILaunchScreen_Generation[sdk=iphonesimulator*]" = YES;
				"INFOPLIST_KEY_UIStatusBarStyle[sdk=iphoneos*]" = UIStatusBarStyleDefault;
				"INFOPLIST_KEY_UIStatusBarStyle[sdk=iphonesimulator*]" = UIStatusBarStyleDefault;
				INFOPLIST_KEY_UISupportedInterfaceOrientations_iPad = "UIInterfaceOrientationPortrait UIInterfaceOrientationPortraitUpsideDown UIInterfaceOrientationLandscapeLeft UIInterfaceOrientationLandscapeRight";
				INFOPLIST_KEY_UISupportedInterfaceOrientations_iPhone = "UIInterfaceOrientationPortrait UIInterfaceOrientationLandscapeLeft UIInterfaceOrientationLandscapeRight";
				IPHONEOS_DEPLOYMENT_TARGET = 16.0;
				LD_RUNPATH_SEARCH_PATHS = "@executable_path/Frameworks";
				"LD_RUNPATH_SEARCH_PATHS[sdk=macosx*]" = "@executable_path/../Frameworks";
				MACOSX_DEPLOYMENT_TARGET = 12.3;
				MARKETING_VERSION = 1.0;
				PRODUCT_BUNDLE_IDENTIFIER = com.edgarkosyan.CodingChallenge;
				PRODUCT_NAME = "$(TARGET_NAME)";
				SDKROOT = auto;
				SUPPORTED_PLATFORMS = "iphoneos iphonesimulator macosx";
				SWIFT_EMIT_LOC_STRINGS = YES;
				SWIFT_VERSION = 5.0;
				TARGETED_DEVICE_FAMILY = "1,2";
			};
			name = Debug;
		};
		52F2DFDD28DF7D7500E56118 /* Release */ = {
			isa = XCBuildConfiguration;
			buildSettings = {
				ASSETCATALOG_COMPILER_APPICON_NAME = AppIcon;
				ASSETCATALOG_COMPILER_GLOBAL_ACCENT_COLOR_NAME = AccentColor;
				CODE_SIGN_ENTITLEMENTS = CodingChallenge/CodingChallenge.entitlements;
				CODE_SIGN_STYLE = Automatic;
				CURRENT_PROJECT_VERSION = 1;
				DEVELOPMENT_ASSET_PATHS = "\"CodingChallenge/Preview Content\"";
				DEVELOPMENT_TEAM = 6RM7SKRY5Z;
				ENABLE_HARDENED_RUNTIME = YES;
				ENABLE_PREVIEWS = YES;
				GENERATE_INFOPLIST_FILE = YES;
				"INFOPLIST_KEY_UIApplicationSceneManifest_Generation[sdk=iphoneos*]" = YES;
				"INFOPLIST_KEY_UIApplicationSceneManifest_Generation[sdk=iphonesimulator*]" = YES;
				"INFOPLIST_KEY_UIApplicationSupportsIndirectInputEvents[sdk=iphoneos*]" = YES;
				"INFOPLIST_KEY_UIApplicationSupportsIndirectInputEvents[sdk=iphonesimulator*]" = YES;
				"INFOPLIST_KEY_UILaunchScreen_Generation[sdk=iphoneos*]" = YES;
				"INFOPLIST_KEY_UILaunchScreen_Generation[sdk=iphonesimulator*]" = YES;
				"INFOPLIST_KEY_UIStatusBarStyle[sdk=iphoneos*]" = UIStatusBarStyleDefault;
				"INFOPLIST_KEY_UIStatusBarStyle[sdk=iphonesimulator*]" = UIStatusBarStyleDefault;
				INFOPLIST_KEY_UISupportedInterfaceOrientations_iPad = "UIInterfaceOrientationPortrait UIInterfaceOrientationPortraitUpsideDown UIInterfaceOrientationLandscapeLeft UIInterfaceOrientationLandscapeRight";
				INFOPLIST_KEY_UISupportedInterfaceOrientations_iPhone = "UIInterfaceOrientationPortrait UIInterfaceOrientationLandscapeLeft UIInterfaceOrientationLandscapeRight";
				IPHONEOS_DEPLOYMENT_TARGET = 16.0;
				LD_RUNPATH_SEARCH_PATHS = "@executable_path/Frameworks";
				"LD_RUNPATH_SEARCH_PATHS[sdk=macosx*]" = "@executable_path/../Frameworks";
				MACOSX_DEPLOYMENT_TARGET = 12.3;
				MARKETING_VERSION = 1.0;
				PRODUCT_BUNDLE_IDENTIFIER = com.edgarkosyan.CodingChallenge;
				PRODUCT_NAME = "$(TARGET_NAME)";
				SDKROOT = auto;
				SUPPORTED_PLATFORMS = "iphoneos iphonesimulator macosx";
				SWIFT_EMIT_LOC_STRINGS = YES;
				SWIFT_VERSION = 5.0;
				TARGETED_DEVICE_FAMILY = "1,2";
			};
			name = Release;
		};
/* End XCBuildConfiguration section */

/* Begin XCConfigurationList section */
		52F2DFC728DF7D7400E56118 /* Build configuration list for PBXProject "CodingChallenge" */ = {
			isa = XCConfigurationList;
			buildConfigurations = (
				52F2DFD928DF7D7500E56118 /* Debug */,
				52F2DFDA28DF7D7500E56118 /* Release */,
			);
			defaultConfigurationIsVisible = 0;
			defaultConfigurationName = Release;
		};
		52F2DFDB28DF7D7500E56118 /* Build configuration list for PBXNativeTarget "CodingChallenge" */ = {
			isa = XCConfigurationList;
			buildConfigurations = (
				52F2DFDC28DF7D7500E56118 /* Debug */,
				52F2DFDD28DF7D7500E56118 /* Release */,
			);
			defaultConfigurationIsVisible = 0;
			defaultConfigurationName = Release;
		};
/* End XCConfigurationList section */
	};
	rootObject = 52F2DFC428DF7D7400E56118 /* Project object */;
}
